
Microsoft Visual Studio Solution File, Format Version 12.00
# Visual Studio Version 16
VisualStudioVersion = 16.0.30711.63
MinimumVisualStudioVersion = 10.0.40219.1
Project("{8BC9CEB8-8B4A-11D0-8D11-00A0C91BC942}") = "NetworkMonitorCoroutine", "NetworkMonitorCoroutine\NetworkMonitorCoroutine.vcxproj", "{3D482CF9-6335-49D8-8690-9267E76F7974}"
EndProject
Project("{8BC9CEB8-8B4A-11D0-8D11-00A0C91BC942}") = "QTFrontend", "QTFrontend\QTFrontend.vcxproj", "{AA004913-1DFF-4D86-A7A8-C6A29EDB8F43}"
EndProject
Project("{8BC9CEB8-8B4A-11D0-8D11-00A0C91BC942}") = "CertificiateHelper", "CertificiateHelper\CertificiateHelper.vcxproj", "{A9E066D0-6390-45B2-B7D6-E556B9773070}"
EndProject
Global
	GlobalSection(SolutionConfigurationPlatforms) = preSolution
		Debug|x64 = Debug|x64
		Debug|x86 = Debug|x86
		Release|x64 = Release|x64
		Release|x86 = Release|x86
	EndGlobalSection
	GlobalSection(ProjectConfigurationPlatforms) = postSolution
		{3D482CF9-6335-49D8-8690-9267E76F7974}.Debug|x64.ActiveCfg = Debug|x64
		{3D482CF9-6335-49D8-8690-9267E76F7974}.Debug|x64.Build.0 = Debug|x64
		{3D482CF9-6335-49D8-8690-9267E76F7974}.Debug|x86.ActiveCfg = Debug|Win32
		{3D482CF9-6335-49D8-8690-9267E76F7974}.Debug|x86.Build.0 = Debug|Win32
		{3D482CF9-6335-49D8-8690-9267E76F7974}.Release|x64.ActiveCfg = Release|x64
		{3D482CF9-6335-49D8-8690-9267E76F7974}.Release|x64.Build.0 = Release|x64
		{3D482CF9-6335-49D8-8690-9267E76F7974}.Release|x86.ActiveCfg = Release|Win32
		{3D482CF9-6335-49D8-8690-9267E76F7974}.Release|x86.Build.0 = Release|Win32
		{AA004913-1DFF-4D86-A7A8-C6A29EDB8F43}.Debug|x64.ActiveCfg = Debug|x64
		{AA004913-1DFF-4D86-A7A8-C6A29EDB8F43}.Debug|x64.Build.0 = Debug|x64
		{AA004913-1DFF-4D86-A7A8-C6A29EDB8F43}.Debug|x86.ActiveCfg = Debug|x64
		{AA004913-1DFF-4D86-A7A8-C6A29EDB8F43}.Release|x64.ActiveCfg = Release|x64
		{AA004913-1DFF-4D86-A7A8-C6A29EDB8F43}.Release|x64.Build.0 = Release|x64
		{AA004913-1DFF-4D86-A7A8-C6A29EDB8F43}.Release|x86.ActiveCfg = Release|x64
		{A9E066D0-6390-45B2-B7D6-E556B9773070}.Debug|x64.ActiveCfg = Debug|x64
		{A9E066D0-6390-45B2-B7D6-E556B9773070}.Debug|x64.Build.0 = Debug|x64
		{A9E066D0-6390-45B2-B7D6-E556B9773070}.Debug|x86.ActiveCfg = Debug|Win32
		{A9E066D0-6390-45B2-B7D6-E556B9773070}.Debug|x86.Build.0 = Debug|Win32
		{A9E066D0-6390-45B2-B7D6-E556B9773070}.Release|x64.ActiveCfg = Release|x64
		{A9E066D0-6390-45B2-B7D6-E556B9773070}.Release|x64.Build.0 = Release|x64
		{A9E066D0-6390-45B2-B7D6-E556B9773070}.Release|x86.ActiveCfg = Release|Win32
		{A9E066D0-6390-45B2-B7D6-E556B9773070}.Release|x86.Build.0 = Release|Win32
	EndGlobalSection
	GlobalSection(SolutionProperties) = preSolution
		HideSolutionNode = FALSE
	EndGlobalSection
	GlobalSection(ExtensibilityGlobals) = postSolution
		SolutionGuid = {D5A73093-73F2-47BD-AFC0-915D25D5FADE}
	EndGlobalSection
EndGlobal
